
Microsoft Visual Studio Solution File, Format Version 12.00
# Visual Studio 14
VisualStudioVersion = 14.0.23107.0
MinimumVisualStudioVersion = 10.0.40219.1
Project("{FAE04EC0-301F-11D3-BF4B-00C04F79EFBC}") = "SimpleMessageBus", "SimpleMessageBus\SimpleMessageBus.csproj", "{501A4BB5-FB14-4685-83BA-D47AA916F00E}"
EndProject
Project("{FAE04EC0-301F-11D3-BF4B-00C04F79EFBC}") = "SimpleMessageBus.Tests", "SimpleMessageBus.Tests\SimpleMessageBus.Tests.csproj", "{885E6ABA-FFD5-4A53-85A9-9E1A1E2884A4}"
EndProject
Global
	GlobalSection(SolutionConfigurationPlatforms) = preSolution
		Debug|Any CPU = Debug|Any CPU
		Release|Any CPU = Release|Any CPU
	EndGlobalSection
	GlobalSection(ProjectConfigurationPlatforms) = postSolution
		{501A4BB5-FB14-4685-83BA-D47AA916F00E}.Debug|Any CPU.ActiveCfg = Debug|Any CPU
		{501A4BB5-FB14-4685-83BA-D47AA916F00E}.Debug|Any CPU.Build.0 = Debug|Any CPU
		{501A4BB5-FB14-4685-83BA-D47AA916F00E}.Release|Any CPU.ActiveCfg = Release|Any CPU
		{501A4BB5-FB14-4685-83BA-D47AA916F00E}.Release|Any CPU.Build.0 = Release|Any CPU
		{885E6ABA-FFD5-4A53-85A9-9E1A1E2884A4}.Debug|Any CPU.ActiveCfg = Debug|Any CPU
		{885E6ABA-FFD5-4A53-85A9-9E1A1E2884A4}.Debug|Any CPU.Build.0 = Debug|Any CPU
		{885E6ABA-FFD5-4A53-85A9-9E1A1E2884A4}.Release|Any CPU.ActiveCfg = Release|Any CPU
		{885E6ABA-FFD5-4A53-85A9-9E1A1E2884A4}.Release|Any CPU.Build.0 = Release|Any CPU
	EndGlobalSection
	GlobalSection(SolutionProperties) = preSolution
		HideSolutionNode = FALSE
	EndGlobalSection
EndGlobal
